{
  "version": 4,
  "terraform_version": "0.13.2",
  "serial": 13,
  "lineage": "76b0aa04-02e9-2d82-937f-641d9ee86237",
  "outputs": {
    "bastion_iam_role": {
      "value": "vpc01-bastion",
      "type": "string"
    },
    "bastion_instance_id": {
      "value": "i-0f2eba056543e9035",
      "type": "string"
    },
    "bastion_public_ip": {
      "value": "3.238.8.155",
      "type": "string"
    },
    "bastion_security_group_id": {
      "value": "sg-05a67a574dd791eb6",
      "type": "string"
    },
    "bastion_ssh_config": {
      "value": "\nHost vpc01-bastion\n    HostName i-0f2eba056543e9035\n    User ec2-user\n    IdentityFile ~/.ssh/general1\n    ProxyCommand sh -c \"aws ssm start-session --target %h --document-name AWS-StartSSHSession --parameters 'portNumber=%p'\"\n",
      "type": "string"
    }
  },
  "resources": [
    {
      "module": "module.bastion",
      "mode": "data",
      "type": "aws_iam_policy_document",
      "name": "bastion_trust_policy",
      "provider": "provider[\"registry.terraform.io/hashicorp/aws\"]",
      "instances": [
        {
          "schema_version": 0,
          "attributes": {
            "id": "1903849331",
            "json": "{\n  \"Version\": \"2012-10-17\",\n  \"Statement\": [\n    {\n      \"Sid\": \"\",\n      \"Effect\": \"Allow\",\n      \"Action\": \"sts:AssumeRole\",\n      \"Principal\": {\n        \"Service\": \"ec2.amazonaws.com\"\n      }\n    }\n  ]\n}",
            "override_json": null,
            "policy_id": null,
            "source_json": null,
            "statement": [
              {
                "actions": [
                  "sts:AssumeRole"
                ],
                "condition": [],
                "effect": "Allow",
                "not_actions": [],
                "not_principals": [],
                "not_resources": [],
                "principals": [
                  {
                    "identifiers": [
                      "ec2.amazonaws.com"
                    ],
                    "type": "Service"
                  }
                ],
                "resources": [],
                "sid": ""
              }
            ],
            "version": "2012-10-17"
          }
        }
      ]
    },
    {
      "module": "module.bastion",
      "mode": "data",
      "type": "aws_vpc",
      "name": "vpc",
      "provider": "provider[\"registry.terraform.io/hashicorp/aws\"]",
      "instances": [
        {
          "schema_version": 0,
          "attributes": {
            "arn": "arn:aws:ec2:us-east-1:838522581324:vpc/vpc-0f10c444cf29366c1",
            "cidr_block": "10.2.0.0/16",
            "cidr_block_associations": [
              {
                "association_id": "vpc-cidr-assoc-09c8ca252c090122c",
                "cidr_block": "10.2.0.0/16",
                "state": "associated"
              }
            ],
            "default": false,
            "dhcp_options_id": "dopt-b1b2ceca",
            "enable_dns_hostnames": true,
            "enable_dns_support": true,
            "filter": null,
            "id": "vpc-0f10c444cf29366c1",
            "instance_tenancy": "default",
            "ipv6_association_id": null,
            "ipv6_cidr_block": null,
            "main_route_table_id": "rtb-08dd6eecc94365891",
            "owner_id": "838522581324",
            "state": "available",
            "tags": {
              "Application": "vpc01",
              "Name": "vpc01"
            }
          }
        }
      ]
    },
    {
      "module": "module.bastion",
      "mode": "managed",
      "type": "aws_iam_instance_profile",
      "name": "bastion",
      "provider": "provider[\"registry.terraform.io/hashicorp/aws\"]",
      "instances": [
        {
          "schema_version": 0,
          "attributes": {
            "arn": "arn:aws:iam::838522581324:instance-profile/vpc01-bastion",
            "create_date": "2020-09-11T04:41:07Z",
            "id": "vpc01-bastion",
            "name": "vpc01-bastion",
            "name_prefix": null,
            "path": "/",
            "role": "vpc01-bastion",
            "unique_id": "AIPA4GO6XGFGBQR5FBGRD"
          },
          "private": "bnVsbA==",
          "dependencies": [
            "module.bastion.aws_iam_role.bastion",
            "module.bastion.data.aws_iam_policy_document.bastion_trust_policy"
          ]
        }
      ]
    },
    {
      "module": "module.bastion",
      "mode": "managed",
      "type": "aws_iam_role",
      "name": "bastion",
      "provider": "provider[\"registry.terraform.io/hashicorp/aws\"]",
      "instances": [
        {
          "schema_version": 0,
          "attributes": {
            "arn": "arn:aws:iam::838522581324:role/vpc01-bastion",
            "assume_role_policy": "{\"Version\":\"2012-10-17\",\"Statement\":[{\"Sid\":\"\",\"Effect\":\"Allow\",\"Principal\":{\"Service\":\"ec2.amazonaws.com\"},\"Action\":\"sts:AssumeRole\"}]}",
            "create_date": "2020-09-11T04:41:04Z",
            "description": "",
            "force_detach_policies": false,
            "id": "vpc01-bastion",
            "max_session_duration": 3600,
            "name": "vpc01-bastion",
            "name_prefix": null,
            "path": "/",
            "permissions_boundary": null,
            "tags": {
              "Application": "vpc01-bastion",
              "Name": "vpc01-bastion"
            },
            "unique_id": "AROA4GO6XGFGK6A4G4G4I"
          },
          "private": "bnVsbA==",
          "dependencies": [
            "module.bastion.data.aws_iam_policy_document.bastion_trust_policy"
          ]
        }
      ]
    },
    {
      "module": "module.bastion",
      "mode": "managed",
      "type": "aws_iam_role_policy_attachment",
      "name": "AmazonSSMManagedInstanceCore",
      "provider": "provider[\"registry.terraform.io/hashicorp/aws\"]",
      "instances": [
        {
          "schema_version": 0,
          "attributes": {
            "id": "vpc01-bastion-20200911044107501300000001",
            "policy_arn": "arn:aws:iam::aws:policy/AmazonSSMManagedInstanceCore",
            "role": "vpc01-bastion"
          },
          "private": "bnVsbA==",
          "dependencies": [
            "module.bastion.aws_iam_role.bastion",
            "module.bastion.data.aws_iam_policy_document.bastion_trust_policy"
          ]
        }
      ]
    },
    {
      "module": "module.bastion",
      "mode": "managed",
      "type": "aws_instance",
      "name": "bastion",
      "provider": "provider[\"registry.terraform.io/hashicorp/aws\"]",
      "instances": [
        {
          "schema_version": 1,
          "attributes": {
            "ami": "ami-0c94855ba95c71c99",
            "arn": "arn:aws:ec2:us-east-1:838522581324:instance/i-0f2eba056543e9035",
            "associate_public_ip_address": true,
            "availability_zone": "us-east-1a",
            "cpu_core_count": 1,
            "cpu_threads_per_core": 2,
            "credit_specification": [
              {
                "cpu_credits": "unlimited"
              }
            ],
            "disable_api_termination": false,
            "ebs_block_device": [],
            "ebs_optimized": false,
            "ephemeral_block_device": [],
            "get_password_data": false,
            "hibernation": false,
            "host_id": null,
            "iam_instance_profile": "vpc01-bastion",
            "id": "i-0f2eba056543e9035",
            "instance_initiated_shutdown_behavior": null,
            "instance_state": "running",
            "instance_type": "t3a.micro",
            "ipv6_address_count": 0,
            "ipv6_addresses": [],
            "key_name": "general1",
            "metadata_options": [
              {
                "http_endpoint": "enabled",
                "http_put_response_hop_limit": 1,
                "http_tokens": "optional"
              }
            ],
            "monitoring": false,
            "network_interface": [],
            "outpost_arn": "",
            "password_data": "",
            "placement_group": "",
            "primary_network_interface_id": "eni-0fe347d5beb5603ef",
            "private_dns": "ip-10-2-15-9.ec2.internal",
            "private_ip": "10.2.15.9",
            "public_dns": "ec2-3-238-8-155.compute-1.amazonaws.com",
            "public_ip": "3.238.8.155",
            "root_block_device": [
              {
                "delete_on_termination": true,
                "device_name": "/dev/xvda",
                "encrypted": false,
                "iops": 100,
                "kms_key_id": "",
                "volume_id": "vol-01fc0b25a6f5b6031",
                "volume_size": 8,
                "volume_type": "gp2"
              }
            ],
            "secondary_private_ips": [],
            "security_groups": [],
            "source_dest_check": true,
            "subnet_id": "subnet-02f41e38773a717e8",
            "tags": {
              "Application": "vpc01-bastion",
              "Name": "vpc01-bastion"
            },
            "tenancy": "default",
            "timeouts": null,
            "user_data": null,
            "user_data_base64": null,
            "volume_tags": {},
            "vpc_security_group_ids": [
              "sg-05a67a574dd791eb6"
            ]
          },
          "private": "eyJlMmJmYjczMC1lY2FhLTExZTYtOGY4OC0zNDM2M2JjN2M0YzAiOnsiY3JlYXRlIjo2MDAwMDAwMDAwMDAsImRlbGV0ZSI6MTIwMDAwMDAwMDAwMCwidXBkYXRlIjo2MDAwMDAwMDAwMDB9LCJzY2hlbWFfdmVyc2lvbiI6IjEifQ==",
          "dependencies": [
            "module.bastion.aws_iam_instance_profile.bastion",
            "module.bastion.aws_iam_role.bastion",
            "module.bastion.aws_security_group.bastion",
            "module.bastion.data.aws_iam_policy_document.bastion_trust_policy",
            "module.bastion.data.aws_vpc.vpc"
          ]
        }
      ]
    },
    {
      "module": "module.bastion",
      "mode": "managed",
      "type": "aws_security_group",
      "name": "bastion",
      "provider": "provider[\"registry.terraform.io/hashicorp/aws\"]",
      "instances": [
        {
          "schema_version": 1,
          "attributes": {
            "arn": "arn:aws:ec2:us-east-1:838522581324:security-group/sg-05a67a574dd791eb6",
            "description": "Bastion security group (only SSH access)",
            "egress": [
              {
                "cidr_blocks": [
                  "0.0.0.0/0"
                ],
                "description": "",
                "from_port": 0,
                "ipv6_cidr_blocks": [
                  "::/0"
                ],
                "prefix_list_ids": [],
                "protocol": "-1",
                "security_groups": [],
                "self": false,
                "to_port": 0
              }
            ],
            "id": "sg-05a67a574dd791eb6",
            "ingress": [
              {
                "cidr_blocks": [
                  "10.2.0.0/16"
                ],
                "description": "",
                "from_port": 22,
                "ipv6_cidr_blocks": [
                  "::/0"
                ],
                "prefix_list_ids": [],
                "protocol": "tcp",
                "security_groups": [],
                "self": false,
                "to_port": 22
              }
            ],
            "name": "vpc01-bastion",
            "name_prefix": "",
            "owner_id": "838522581324",
            "revoke_rules_on_delete": true,
            "tags": {
              "Application": "vpc01-bastion",
              "Name": "vpc01-bastion"
            },
            "timeouts": null,
            "vpc_id": "vpc-0f10c444cf29366c1"
          },
          "private": "eyJlMmJmYjczMC1lY2FhLTExZTYtOGY4OC0zNDM2M2JjN2M0YzAiOnsiY3JlYXRlIjo2MDAwMDAwMDAwMDAsImRlbGV0ZSI6NjAwMDAwMDAwMDAwfSwic2NoZW1hX3ZlcnNpb24iOiIxIn0=",
          "dependencies": [
            "module.bastion.data.aws_vpc.vpc"
          ],
          "create_before_destroy": true
        }
      ]
    }
  ]
}
